
Microsoft Visual Studio Solution File, Format Version 12.00
# Visual Studio Version 17
VisualStudioVersion = 17.10.35122.118
MinimumVisualStudioVersion = 10.0.40219.1
Project("{F184B08F-C81C-45F6-A57F-5ABD9991F28F}") = "调整CYC全家桶设置", "调整CYC全家桶设置.vbproj", "{EAD9C46A-A666-4D1E-89C2-8350D219ED15}"
EndProject
Global
	GlobalSection(SolutionConfigurationPlatforms) = preSolution
		Debug|Any CPU = Debug|Any CPU
		Release|Any CPU = Release|Any CPU
	EndGlobalSection
	GlobalSection(ProjectConfigurationPlatforms) = postSolution
		{EAD9C46A-A666-4D1E-89C2-8350D219ED15}.Debug|Any CPU.ActiveCfg = Debug|Any CPU
		{EAD9C46A-A666-4D1E-89C2-8350D219ED15}.Debug|Any CPU.Build.0 = Debug|Any CPU
		{EAD9C46A-A666-4D1E-89C2-8350D219ED15}.Release|Any CPU.ActiveCfg = Release|Any CPU
		{EAD9C46A-A666-4D1E-89C2-8350D219ED15}.Release|Any CPU.Build.0 = Release|Any CPU
	EndGlobalSection
	GlobalSection(SolutionProperties) = preSolution
		HideSolutionNode = FALSE
	EndGlobalSection
	GlobalSection(ExtensibilityGlobals) = postSolution
		SolutionGuid = {EE2426E7-4C86-477F-A961-2B9D06896CB6}
	EndGlobalSection
EndGlobal
